
Microsoft Visual Studio Solution File, Format Version 12.00
# Visual Studio Version 17
VisualStudioVersion = 17.14.36127.28 d17.14
MinimumVisualStudioVersion = 10.0.40219.1
Project("{FAE04EC0-301F-11D3-BF4B-00C04F79EFBC}") = "StudentManagement.API", "StudentManagement.API.csproj", "{FEE74553-1B16-43BD-92AF-F3214CFDAE5C}"
EndProject
Project("{FAE04EC0-301F-11D3-BF4B-00C04F79EFBC}") = "StudentManagement.API.Tests", "..\WebApplication1.Tests\StudentManagement.API.Tests.csproj", "{252CAD27-CB21-4A7A-A410-A0E14996DFBB}"
EndProject
Global
	GlobalSection(SolutionConfigurationPlatforms) = preSolution
		Debug|Any CPU = Debug|Any CPU
		Release|Any CPU = Release|Any CPU
	EndGlobalSection
	GlobalSection(ProjectConfigurationPlatforms) = postSolution
		{FEE74553-1B16-43BD-92AF-F3214CFDAE5C}.Debug|Any CPU.ActiveCfg = Debug|Any CPU
		{FEE74553-1B16-43BD-92AF-F3214CFDAE5C}.Debug|Any CPU.Build.0 = Debug|Any CPU
		{FEE74553-1B16-43BD-92AF-F3214CFDAE5C}.Release|Any CPU.ActiveCfg = Release|Any CPU
		{FEE74553-1B16-43BD-92AF-F3214CFDAE5C}.Release|Any CPU.Build.0 = Release|Any CPU
		{252CAD27-CB21-4A7A-A410-A0E14996DFBB}.Debug|Any CPU.ActiveCfg = Debug|Any CPU
		{252CAD27-CB21-4A7A-A410-A0E14996DFBB}.Debug|Any CPU.Build.0 = Debug|Any CPU
		{252CAD27-CB21-4A7A-A410-A0E14996DFBB}.Release|Any CPU.ActiveCfg = Release|Any CPU
		{252CAD27-CB21-4A7A-A410-A0E14996DFBB}.Release|Any CPU.Build.0 = Release|Any CPU
	EndGlobalSection
	GlobalSection(SolutionProperties) = preSolution
		HideSolutionNode = FALSE
	EndGlobalSection
	GlobalSection(ExtensibilityGlobals) = postSolution
		SolutionGuid = {B283AADD-1AA3-4271-A1EB-074AC309311D}
	EndGlobalSection
EndGlobal
